
Microsoft Visual Studio Solution File, Format Version 12.00
# Visual Studio 15
VisualStudioVersion = 15.0.27130.2020
MinimumVisualStudioVersion = 10.0.40219.1
Project("{FAE04EC0-301F-11D3-BF4B-00C04F79EFBC}") = "CITestingExample", "CITestingExample\CITestingExample.csproj", "{ED9F70ED-AADC-4FDD-B663-3EBCD22835C2}"
EndProject
Project("{FAE04EC0-301F-11D3-BF4B-00C04F79EFBC}") = "UnitTestUsingNUnit", "UnitTestUsingNUnit\UnitTestUsingNUnit.csproj", "{EB5A86BC-EDE3-474E-8CE2-56ED903F9BB1}"
EndProject
Global
	GlobalSection(SolutionConfigurationPlatforms) = preSolution
		Debug|Any CPU = Debug|Any CPU
		Release|Any CPU = Release|Any CPU
	EndGlobalSection
	GlobalSection(ProjectConfigurationPlatforms) = postSolution
		{ED9F70ED-AADC-4FDD-B663-3EBCD22835C2}.Debug|Any CPU.ActiveCfg = Debug|Any CPU
		{ED9F70ED-AADC-4FDD-B663-3EBCD22835C2}.Debug|Any CPU.Build.0 = Debug|Any CPU
		{ED9F70ED-AADC-4FDD-B663-3EBCD22835C2}.Release|Any CPU.ActiveCfg = Release|Any CPU
		{ED9F70ED-AADC-4FDD-B663-3EBCD22835C2}.Release|Any CPU.Build.0 = Release|Any CPU
		{EB5A86BC-EDE3-474E-8CE2-56ED903F9BB1}.Debug|Any CPU.ActiveCfg = Debug|Any CPU
		{EB5A86BC-EDE3-474E-8CE2-56ED903F9BB1}.Debug|Any CPU.Build.0 = Debug|Any CPU
		{EB5A86BC-EDE3-474E-8CE2-56ED903F9BB1}.Release|Any CPU.ActiveCfg = Release|Any CPU
		{EB5A86BC-EDE3-474E-8CE2-56ED903F9BB1}.Release|Any CPU.Build.0 = Release|Any CPU
	EndGlobalSection
	GlobalSection(SolutionProperties) = preSolution
		HideSolutionNode = FALSE
	EndGlobalSection
	GlobalSection(ExtensibilityGlobals) = postSolution
		SolutionGuid = {9D0B54DA-2420-4C7A-B688-EE30EF1F8BC6}
	EndGlobalSection
EndGlobal
